
Microsoft Visual Studio Solution File, Format Version 12.00
# Visual Studio Version 17
VisualStudioVersion = 17.0.31903.59
MinimumVisualStudioVersion = 10.0.40219.1
Project("{FAE04EC0-301F-11D3-BF4B-00C04F79EFBC}") = "HaberPortalı.API", "HaberPortalı.API\HaberPortalı.API.csproj", "{88361E8B-D763-4ED9-AA01-7CBAD2DB1AA1}"
EndProject
Project("{FAE04EC0-301F-11D3-BF4B-00C04F79EFBC}") = "HaberPortalı.Mvc", "HaberPortalı.Mvc\HaberPortalı.Mvc.csproj", "{7D83B5CB-F0FD-4635-8BBB-0E035AF35B8A}"
EndProject
Project("{FAE04EC0-301F-11D3-BF4B-00C04F79EFBC}") = "HaberPortalı.Core", "HaberPortalı.Core\HaberPortalı.Core.csproj", "{8BFFF2D0-BA43-4116-9ECC-E9C873E03219}"
EndProject
Global
	GlobalSection(SolutionConfigurationPlatforms) = preSolution
		Debug|Any CPU = Debug|Any CPU
		Debug|x64 = Debug|x64
		Debug|x86 = Debug|x86
		Release|Any CPU = Release|Any CPU
		Release|x64 = Release|x64
		Release|x86 = Release|x86
	EndGlobalSection
	GlobalSection(ProjectConfigurationPlatforms) = postSolution
		{88361E8B-D763-4ED9-AA01-7CBAD2DB1AA1}.Debug|Any CPU.ActiveCfg = Debug|Any CPU
		{88361E8B-D763-4ED9-AA01-7CBAD2DB1AA1}.Debug|Any CPU.Build.0 = Debug|Any CPU
		{88361E8B-D763-4ED9-AA01-7CBAD2DB1AA1}.Debug|x64.ActiveCfg = Debug|Any CPU
		{88361E8B-D763-4ED9-AA01-7CBAD2DB1AA1}.Debug|x64.Build.0 = Debug|Any CPU
		{88361E8B-D763-4ED9-AA01-7CBAD2DB1AA1}.Debug|x86.ActiveCfg = Debug|Any CPU
		{88361E8B-D763-4ED9-AA01-7CBAD2DB1AA1}.Debug|x86.Build.0 = Debug|Any CPU
		{88361E8B-D763-4ED9-AA01-7CBAD2DB1AA1}.Release|Any CPU.ActiveCfg = Release|Any CPU
		{88361E8B-D763-4ED9-AA01-7CBAD2DB1AA1}.Release|Any CPU.Build.0 = Release|Any CPU
		{88361E8B-D763-4ED9-AA01-7CBAD2DB1AA1}.Release|x64.ActiveCfg = Release|Any CPU
		{88361E8B-D763-4ED9-AA01-7CBAD2DB1AA1}.Release|x64.Build.0 = Release|Any CPU
		{88361E8B-D763-4ED9-AA01-7CBAD2DB1AA1}.Release|x86.ActiveCfg = Release|Any CPU
		{88361E8B-D763-4ED9-AA01-7CBAD2DB1AA1}.Release|x86.Build.0 = Release|Any CPU
		{7D83B5CB-F0FD-4635-8BBB-0E035AF35B8A}.Debug|Any CPU.ActiveCfg = Debug|Any CPU
		{7D83B5CB-F0FD-4635-8BBB-0E035AF35B8A}.Debug|Any CPU.Build.0 = Debug|Any CPU
		{7D83B5CB-F0FD-4635-8BBB-0E035AF35B8A}.Debug|x64.ActiveCfg = Debug|Any CPU
		{7D83B5CB-F0FD-4635-8BBB-0E035AF35B8A}.Debug|x64.Build.0 = Debug|Any CPU
		{7D83B5CB-F0FD-4635-8BBB-0E035AF35B8A}.Debug|x86.ActiveCfg = Debug|Any CPU
		{7D83B5CB-F0FD-4635-8BBB-0E035AF35B8A}.Debug|x86.Build.0 = Debug|Any CPU
		{7D83B5CB-F0FD-4635-8BBB-0E035AF35B8A}.Release|Any CPU.ActiveCfg = Release|Any CPU
		{7D83B5CB-F0FD-4635-8BBB-0E035AF35B8A}.Release|Any CPU.Build.0 = Release|Any CPU
		{7D83B5CB-F0FD-4635-8BBB-0E035AF35B8A}.Release|x64.ActiveCfg = Release|Any CPU
		{7D83B5CB-F0FD-4635-8BBB-0E035AF35B8A}.Release|x64.Build.0 = Release|Any CPU
		{7D83B5CB-F0FD-4635-8BBB-0E035AF35B8A}.Release|x86.ActiveCfg = Release|Any CPU
		{7D83B5CB-F0FD-4635-8BBB-0E035AF35B8A}.Release|x86.Build.0 = Release|Any CPU
		{8BFFF2D0-BA43-4116-9ECC-E9C873E03219}.Debug|Any CPU.ActiveCfg = Debug|Any CPU
		{8BFFF2D0-BA43-4116-9ECC-E9C873E03219}.Debug|Any CPU.Build.0 = Debug|Any CPU
		{8BFFF2D0-BA43-4116-9ECC-E9C873E03219}.Debug|x64.ActiveCfg = Debug|Any CPU
		{8BFFF2D0-BA43-4116-9ECC-E9C873E03219}.Debug|x64.Build.0 = Debug|Any CPU
		{8BFFF2D0-BA43-4116-9ECC-E9C873E03219}.Debug|x86.ActiveCfg = Debug|Any CPU
		{8BFFF2D0-BA43-4116-9ECC-E9C873E03219}.Debug|x86.Build.0 = Debug|Any CPU
		{8BFFF2D0-BA43-4116-9ECC-E9C873E03219}.Release|Any CPU.ActiveCfg = Release|Any CPU
		{8BFFF2D0-BA43-4116-9ECC-E9C873E03219}.Release|Any CPU.Build.0 = Release|Any CPU
		{8BFFF2D0-BA43-4116-9ECC-E9C873E03219}.Release|x64.ActiveCfg = Release|Any CPU
		{8BFFF2D0-BA43-4116-9ECC-E9C873E03219}.Release|x64.Build.0 = Release|Any CPU
		{8BFFF2D0-BA43-4116-9ECC-E9C873E03219}.Release|x86.ActiveCfg = Release|Any CPU
		{8BFFF2D0-BA43-4116-9ECC-E9C873E03219}.Release|x86.Build.0 = Release|Any CPU
	EndGlobalSection
	GlobalSection(SolutionProperties) = preSolution
		HideSolutionNode = FALSE
	EndGlobalSection
EndGlobal
